
Microsoft Visual Studio Solution File, Format Version 12.00
# Visual Studio Version 17
VisualStudioVersion = 17.0.31808.319
MinimumVisualStudioVersion = 10.0.40219.1
Project("{8BC9CEB8-8B4A-11D0-8D11-00A0C91BC942}") = "Void", "Void\Void.vcxproj", "{75528174-C0C4-49E2-8F67-64295504FB09}"
EndProject
Global
	GlobalSection(SolutionConfigurationPlatforms) = preSolution
		Debug|ARM64 = Debug|ARM64
		Debug|x64 = Debug|x64
		Debug|x86 = Debug|x86
		Release|ARM64 = Release|ARM64
		Release|x64 = Release|x64
		Release|x86 = Release|x86
	EndGlobalSection
	GlobalSection(ProjectConfigurationPlatforms) = postSolution
		{75528174-C0C4-49E2-8F67-64295504FB09}.Debug|ARM64.ActiveCfg = Debug|x64
		{75528174-C0C4-49E2-8F67-64295504FB09}.Debug|ARM64.Build.0 = Debug|x64
		{75528174-C0C4-49E2-8F67-64295504FB09}.Debug|x64.ActiveCfg = Debug|x64
		{75528174-C0C4-49E2-8F67-64295504FB09}.Debug|x64.Build.0 = Debug|x64
		{75528174-C0C4-49E2-8F67-64295504FB09}.Debug|x86.ActiveCfg = Debug|Win32
		{75528174-C0C4-49E2-8F67-64295504FB09}.Debug|x86.Build.0 = Debug|Win32
		{75528174-C0C4-49E2-8F67-64295504FB09}.Release|ARM64.ActiveCfg = Release|x64
		{75528174-C0C4-49E2-8F67-64295504FB09}.Release|ARM64.Build.0 = Release|x64
		{75528174-C0C4-49E2-8F67-64295504FB09}.Release|x64.ActiveCfg = Release|x64
		{75528174-C0C4-49E2-8F67-64295504FB09}.Release|x64.Build.0 = Release|x64
		{75528174-C0C4-49E2-8F67-64295504FB09}.Release|x86.ActiveCfg = Release|Win32
		{75528174-C0C4-49E2-8F67-64295504FB09}.Release|x86.Build.0 = Release|Win32
	EndGlobalSection
	GlobalSection(SolutionProperties) = preSolution
		HideSolutionNode = FALSE
	EndGlobalSection
	GlobalSection(ExtensibilityGlobals) = postSolution
		SolutionGuid = {E1D8F7CB-0E17-4DE3-B39C-1D8ADC8779B5}
	EndGlobalSection
EndGlobal
